
Microsoft Visual Studio Solution File, Format Version 12.00
# Visual Studio Version 17
VisualStudioVersion = 17.3.32922.545
MinimumVisualStudioVersion = 10.0.40219.1
Project("{FAE04EC0-301F-11D3-BF4B-00C04F79EFBC}") = "AnglrItemTemplate", "AnglrItemTemplate\AnglrItemTemplate.csproj", "{29AEE8C2-931F-4946-ABB3-39D2AA907788}"
EndProject
Project("{FAE04EC0-301F-11D3-BF4B-00C04F79EFBC}") = "AnglrProjectTemplate", "AnglrProjectTemplate\AnglrProjectTemplate.csproj", "{69AECA0B-C885-4ED1-A0D2-3D6E6E21893E}"
EndProject
Project("{9A19103F-16F7-4668-BE54-9A1E7A4F7556}") = "AnglrParserLibrary", "AnglrParserLibrary\AnglrParserLibrary.csproj", "{C30AFD47-6DF9-467B-8150-86BCBE90A74D}"
EndProject
Project("{9A19103F-16F7-4668-BE54-9A1E7A4F7556}") = "AnglrMSBuildTasks", "AnglrMSBuildTasks\AnglrMSBuildTasks.csproj", "{E212F165-E916-4EE1-A9E2-52ADDCC3DFEA}"
EndProject
Project("{FAE04EC0-301F-11D3-BF4B-00C04F79EFBC}") = "AnglrLSPServerProcess", "AnglrLSPServerProcess\AnglrLSPServerProcess.csproj", "{8F5FCEB2-DD20-4FA6-809E-8D6C5335D1B3}"
EndProject
Project("{9A19103F-16F7-4668-BE54-9A1E7A4F7556}") = "AnglrJsonRpcMethods", "AnglrJsonRpcMethods\AnglrJsonRpcMethods.csproj", "{D427059F-5625-4A4F-8535-E179F081D79A}"
EndProject
Project("{9A19103F-16F7-4668-BE54-9A1E7A4F7556}") = "AnglrHtmlColorizer", "AnglrHtmlColorizer\AnglrHtmlColorizer.csproj", "{2F7DABF0-15F6-4D51-9931-B8029E894949}"
EndProject
Project("{9A19103F-16F7-4668-BE54-9A1E7A4F7556}") = "AnglrWebSite", "AnglrWebSite\AnglrWebSite.csproj", "{134FB5F9-FE94-4D70-A9BD-9F728E54FA9B}"
EndProject
Project("{FAE04EC0-301F-11D3-BF4B-00C04F79EFBC}") = "AnglrLangExtension", "AnglrLangExtension\AnglrLangExtension.csproj", "{590115EA-749B-4CE3-86D9-2BE8AE70830E}"
EndProject
Project("{FAE04EC0-301F-11D3-BF4B-00C04F79EFBC}") = "AnglrParserCore", "AnglrParserCore\AnglrParserCore.csproj", "{5806A921-B65A-440E-9645-05A41076418F}"
EndProject
Project("{FAE04EC0-301F-11D3-BF4B-00C04F79EFBC}") = "AnglrDebuggerJsonRpcMessages", "AnglrDebuggerJsonRpcMessages\AnglrDebuggerJsonRpcMessages.csproj", "{A684B568-B488-440E-85CB-006AC3C80BDC}"
EndProject
Project("{FAE04EC0-301F-11D3-BF4B-00C04F79EFBC}") = "AnglrDebugBridge", "AnglrDebugBridge\AnglrDebugBridge.csproj", "{1A8E218B-5A05-4E96-A5E8-F6565DAF0377}"
EndProject
Project("{FAE04EC0-301F-11D3-BF4B-00C04F79EFBC}") = "AnglrCompiler", "AnglrCompiler\AnglrCompiler.csproj", "{ED9ED6D9-91F4-4661-A915-F31311A1E5F7}"
EndProject
Project("{FAE04EC0-301F-11D3-BF4B-00C04F79EFBC}") = "AnglrCompilerTest", "AnglrCompilerTest\AnglrCompilerTest.csproj", "{4237EF38-AD6E-4C97-A397-7E7B3AF52E67}"
EndProject
Project("{FAE04EC0-301F-11D3-BF4B-00C04F79EFBC}") = "AnglrCompilerLibrary", "AnglrCompilerLibrary\AnglrCompilerLibrary.csproj", "{5A18825B-8B85-4566-8CA9-C0DB8E0346DD}"
EndProject
Project("{FAE04EC0-301F-11D3-BF4B-00C04F79EFBC}") = "AnglrCompilerTestLibrary", "AnglrCompilerTestLibrary\AnglrCompilerTestLibrary.csproj", "{EA33FC22-8195-4DF3-B655-6857227B3EB9}"
EndProject
Project("{FAE04EC0-301F-11D3-BF4B-00C04F79EFBC}") = "AnglrHtmlColorizerLibrary", "AnglrHtmlColorizerLibrary\AnglrHtmlColorizerLibrary.csproj", "{5E278926-C3A2-4E17-B657-D11881C86101}"
EndProject
Project("{FAE04EC0-301F-11D3-BF4B-00C04F79EFBC}") = "AnglrLogLibrary", "AnglrLogLibrary\AnglrLogLibrary.csproj", "{6D226303-7E91-153C-2C26-A2F5E74B9329}"
EndProject
Project("{FAE04EC0-301F-11D3-BF4B-00C04F79EFBC}") = "AnglrBreakPointDB", "AnglrBreakPointDB\AnglrBreakPointDB.csproj", "{821AD47E-CAB1-4BB2-BF44-D1EBF88AEB8D}"
EndProject
Global
	GlobalSection(SolutionConfigurationPlatforms) = preSolution
		Debug|Any CPU = Debug|Any CPU
		Debug|arm64 = Debug|arm64
		Debug|x64 = Debug|x64
		Debug|x86 = Debug|x86
		Release|Any CPU = Release|Any CPU
		Release|arm64 = Release|arm64
		Release|x64 = Release|x64
		Release|x86 = Release|x86
	EndGlobalSection
	GlobalSection(ProjectConfigurationPlatforms) = postSolution
		{29AEE8C2-931F-4946-ABB3-39D2AA907788}.Debug|Any CPU.ActiveCfg = Debug|Any CPU
		{29AEE8C2-931F-4946-ABB3-39D2AA907788}.Debug|Any CPU.Build.0 = Debug|Any CPU
		{29AEE8C2-931F-4946-ABB3-39D2AA907788}.Debug|arm64.ActiveCfg = Debug|arm64
		{29AEE8C2-931F-4946-ABB3-39D2AA907788}.Debug|arm64.Build.0 = Debug|arm64
		{29AEE8C2-931F-4946-ABB3-39D2AA907788}.Debug|x64.ActiveCfg = Debug|Any CPU
		{29AEE8C2-931F-4946-ABB3-39D2AA907788}.Debug|x64.Build.0 = Debug|Any CPU
		{29AEE8C2-931F-4946-ABB3-39D2AA907788}.Debug|x86.ActiveCfg = Debug|x86
		{29AEE8C2-931F-4946-ABB3-39D2AA907788}.Debug|x86.Build.0 = Debug|x86
		{29AEE8C2-931F-4946-ABB3-39D2AA907788}.Release|Any CPU.ActiveCfg = Release|Any CPU
		{29AEE8C2-931F-4946-ABB3-39D2AA907788}.Release|Any CPU.Build.0 = Release|Any CPU
		{29AEE8C2-931F-4946-ABB3-39D2AA907788}.Release|arm64.ActiveCfg = Release|arm64
		{29AEE8C2-931F-4946-ABB3-39D2AA907788}.Release|arm64.Build.0 = Release|arm64
		{29AEE8C2-931F-4946-ABB3-39D2AA907788}.Release|x64.ActiveCfg = Release|Any CPU
		{29AEE8C2-931F-4946-ABB3-39D2AA907788}.Release|x64.Build.0 = Release|Any CPU
		{29AEE8C2-931F-4946-ABB3-39D2AA907788}.Release|x86.ActiveCfg = Release|x86
		{29AEE8C2-931F-4946-ABB3-39D2AA907788}.Release|x86.Build.0 = Release|x86
		{69AECA0B-C885-4ED1-A0D2-3D6E6E21893E}.Debug|Any CPU.ActiveCfg = Debug|Any CPU
		{69AECA0B-C885-4ED1-A0D2-3D6E6E21893E}.Debug|Any CPU.Build.0 = Debug|Any CPU
		{69AECA0B-C885-4ED1-A0D2-3D6E6E21893E}.Debug|arm64.ActiveCfg = Debug|arm64
		{69AECA0B-C885-4ED1-A0D2-3D6E6E21893E}.Debug|arm64.Build.0 = Debug|arm64
		{69AECA0B-C885-4ED1-A0D2-3D6E6E21893E}.Debug|x64.ActiveCfg = Debug|Any CPU
		{69AECA0B-C885-4ED1-A0D2-3D6E6E21893E}.Debug|x64.Build.0 = Debug|Any CPU
		{69AECA0B-C885-4ED1-A0D2-3D6E6E21893E}.Debug|x86.ActiveCfg = Debug|x86
		{69AECA0B-C885-4ED1-A0D2-3D6E6E21893E}.Debug|x86.Build.0 = Debug|x86
		{69AECA0B-C885-4ED1-A0D2-3D6E6E21893E}.Release|Any CPU.ActiveCfg = Release|Any CPU
		{69AECA0B-C885-4ED1-A0D2-3D6E6E21893E}.Release|Any CPU.Build.0 = Release|Any CPU
		{69AECA0B-C885-4ED1-A0D2-3D6E6E21893E}.Release|arm64.ActiveCfg = Release|arm64
		{69AECA0B-C885-4ED1-A0D2-3D6E6E21893E}.Release|arm64.Build.0 = Release|arm64
		{69AECA0B-C885-4ED1-A0D2-3D6E6E21893E}.Release|x64.ActiveCfg = Release|Any CPU
		{69AECA0B-C885-4ED1-A0D2-3D6E6E21893E}.Release|x64.Build.0 = Release|Any CPU
		{69AECA0B-C885-4ED1-A0D2-3D6E6E21893E}.Release|x86.ActiveCfg = Release|x86
		{69AECA0B-C885-4ED1-A0D2-3D6E6E21893E}.Release|x86.Build.0 = Release|x86
		{C30AFD47-6DF9-467B-8150-86BCBE90A74D}.Debug|Any CPU.ActiveCfg = Debug|Any CPU
		{C30AFD47-6DF9-467B-8150-86BCBE90A74D}.Debug|Any CPU.Build.0 = Debug|Any CPU
		{C30AFD47-6DF9-467B-8150-86BCBE90A74D}.Debug|arm64.ActiveCfg = Debug|Any CPU
		{C30AFD47-6DF9-467B-8150-86BCBE90A74D}.Debug|arm64.Build.0 = Debug|Any CPU
		{C30AFD47-6DF9-467B-8150-86BCBE90A74D}.Debug|x64.ActiveCfg = Debug|Any CPU
		{C30AFD47-6DF9-467B-8150-86BCBE90A74D}.Debug|x64.Build.0 = Debug|Any CPU
		{C30AFD47-6DF9-467B-8150-86BCBE90A74D}.Debug|x86.ActiveCfg = Debug|Any CPU
		{C30AFD47-6DF9-467B-8150-86BCBE90A74D}.Debug|x86.Build.0 = Debug|Any CPU
		{C30AFD47-6DF9-467B-8150-86BCBE90A74D}.Release|Any CPU.ActiveCfg = Release|Any CPU
		{C30AFD47-6DF9-467B-8150-86BCBE90A74D}.Release|Any CPU.Build.0 = Release|Any CPU
		{C30AFD47-6DF9-467B-8150-86BCBE90A74D}.Release|arm64.ActiveCfg = Release|Any CPU
		{C30AFD47-6DF9-467B-8150-86BCBE90A74D}.Release|arm64.Build.0 = Release|Any CPU
		{C30AFD47-6DF9-467B-8150-86BCBE90A74D}.Release|x64.ActiveCfg = Release|Any CPU
		{C30AFD47-6DF9-467B-8150-86BCBE90A74D}.Release|x64.Build.0 = Release|Any CPU
		{C30AFD47-6DF9-467B-8150-86BCBE90A74D}.Release|x86.ActiveCfg = Release|Any CPU
		{C30AFD47-6DF9-467B-8150-86BCBE90A74D}.Release|x86.Build.0 = Release|Any CPU
		{E212F165-E916-4EE1-A9E2-52ADDCC3DFEA}.Debug|Any CPU.ActiveCfg = Debug|Any CPU
		{E212F165-E916-4EE1-A9E2-52ADDCC3DFEA}.Debug|Any CPU.Build.0 = Debug|Any CPU
		{E212F165-E916-4EE1-A9E2-52ADDCC3DFEA}.Debug|arm64.ActiveCfg = Debug|Any CPU
		{E212F165-E916-4EE1-A9E2-52ADDCC3DFEA}.Debug|arm64.Build.0 = Debug|Any CPU
		{E212F165-E916-4EE1-A9E2-52ADDCC3DFEA}.Debug|x64.ActiveCfg = Debug|Any CPU
		{E212F165-E916-4EE1-A9E2-52ADDCC3DFEA}.Debug|x64.Build.0 = Debug|Any CPU
		{E212F165-E916-4EE1-A9E2-52ADDCC3DFEA}.Debug|x86.ActiveCfg = Debug|Any CPU
		{E212F165-E916-4EE1-A9E2-52ADDCC3DFEA}.Debug|x86.Build.0 = Debug|Any CPU
		{E212F165-E916-4EE1-A9E2-52ADDCC3DFEA}.Release|Any CPU.ActiveCfg = Release|Any CPU
		{E212F165-E916-4EE1-A9E2-52ADDCC3DFEA}.Release|Any CPU.Build.0 = Release|Any CPU
		{E212F165-E916-4EE1-A9E2-52ADDCC3DFEA}.Release|arm64.ActiveCfg = Release|Any CPU
		{E212F165-E916-4EE1-A9E2-52ADDCC3DFEA}.Release|arm64.Build.0 = Release|Any CPU
		{E212F165-E916-4EE1-A9E2-52ADDCC3DFEA}.Release|x64.ActiveCfg = Release|Any CPU
		{E212F165-E916-4EE1-A9E2-52ADDCC3DFEA}.Release|x64.Build.0 = Release|Any CPU
		{E212F165-E916-4EE1-A9E2-52ADDCC3DFEA}.Release|x86.ActiveCfg = Release|Any CPU
		{E212F165-E916-4EE1-A9E2-52ADDCC3DFEA}.Release|x86.Build.0 = Release|Any CPU
		{8F5FCEB2-DD20-4FA6-809E-8D6C5335D1B3}.Debug|Any CPU.ActiveCfg = Debug|Any CPU
		{8F5FCEB2-DD20-4FA6-809E-8D6C5335D1B3}.Debug|Any CPU.Build.0 = Debug|Any CPU
		{8F5FCEB2-DD20-4FA6-809E-8D6C5335D1B3}.Debug|arm64.ActiveCfg = Debug|Any CPU
		{8F5FCEB2-DD20-4FA6-809E-8D6C5335D1B3}.Debug|arm64.Build.0 = Debug|Any CPU
		{8F5FCEB2-DD20-4FA6-809E-8D6C5335D1B3}.Debug|x64.ActiveCfg = Debug|Any CPU
		{8F5FCEB2-DD20-4FA6-809E-8D6C5335D1B3}.Debug|x64.Build.0 = Debug|Any CPU
		{8F5FCEB2-DD20-4FA6-809E-8D6C5335D1B3}.Debug|x86.ActiveCfg = Debug|Any CPU
		{8F5FCEB2-DD20-4FA6-809E-8D6C5335D1B3}.Debug|x86.Build.0 = Debug|Any CPU
		{8F5FCEB2-DD20-4FA6-809E-8D6C5335D1B3}.Release|Any CPU.ActiveCfg = Release|Any CPU
		{8F5FCEB2-DD20-4FA6-809E-8D6C5335D1B3}.Release|Any CPU.Build.0 = Release|Any CPU
		{8F5FCEB2-DD20-4FA6-809E-8D6C5335D1B3}.Release|arm64.ActiveCfg = Release|Any CPU
		{8F5FCEB2-DD20-4FA6-809E-8D6C5335D1B3}.Release|arm64.Build.0 = Release|Any CPU
		{8F5FCEB2-DD20-4FA6-809E-8D6C5335D1B3}.Release|x64.ActiveCfg = Release|Any CPU
		{8F5FCEB2-DD20-4FA6-809E-8D6C5335D1B3}.Release|x64.Build.0 = Release|Any CPU
		{8F5FCEB2-DD20-4FA6-809E-8D6C5335D1B3}.Release|x86.ActiveCfg = Release|Any CPU
		{8F5FCEB2-DD20-4FA6-809E-8D6C5335D1B3}.Release|x86.Build.0 = Release|Any CPU
		{D427059F-5625-4A4F-8535-E179F081D79A}.Debug|Any CPU.ActiveCfg = Debug|Any CPU
		{D427059F-5625-4A4F-8535-E179F081D79A}.Debug|Any CPU.Build.0 = Debug|Any CPU
		{D427059F-5625-4A4F-8535-E179F081D79A}.Debug|arm64.ActiveCfg = Debug|Any CPU
		{D427059F-5625-4A4F-8535-E179F081D79A}.Debug|arm64.Build.0 = Debug|Any CPU
		{D427059F-5625-4A4F-8535-E179F081D79A}.Debug|x64.ActiveCfg = Debug|Any CPU
		{D427059F-5625-4A4F-8535-E179F081D79A}.Debug|x64.Build.0 = Debug|Any CPU
		{D427059F-5625-4A4F-8535-E179F081D79A}.Debug|x86.ActiveCfg = Debug|Any CPU
		{D427059F-5625-4A4F-8535-E179F081D79A}.Debug|x86.Build.0 = Debug|Any CPU
		{D427059F-5625-4A4F-8535-E179F081D79A}.Release|Any CPU.ActiveCfg = Release|Any CPU
		{D427059F-5625-4A4F-8535-E179F081D79A}.Release|Any CPU.Build.0 = Release|Any CPU
		{D427059F-5625-4A4F-8535-E179F081D79A}.Release|arm64.ActiveCfg = Release|Any CPU
		{D427059F-5625-4A4F-8535-E179F081D79A}.Release|arm64.Build.0 = Release|Any CPU
		{D427059F-5625-4A4F-8535-E179F081D79A}.Release|x64.ActiveCfg = Release|Any CPU
		{D427059F-5625-4A4F-8535-E179F081D79A}.Release|x64.Build.0 = Release|Any CPU
		{D427059F-5625-4A4F-8535-E179F081D79A}.Release|x86.ActiveCfg = Release|Any CPU
		{D427059F-5625-4A4F-8535-E179F081D79A}.Release|x86.Build.0 = Release|Any CPU
		{2F7DABF0-15F6-4D51-9931-B8029E894949}.Debug|Any CPU.ActiveCfg = Debug|Any CPU
		{2F7DABF0-15F6-4D51-9931-B8029E894949}.Debug|Any CPU.Build.0 = Debug|Any CPU
		{2F7DABF0-15F6-4D51-9931-B8029E894949}.Debug|arm64.ActiveCfg = Debug|Any CPU
		{2F7DABF0-15F6-4D51-9931-B8029E894949}.Debug|arm64.Build.0 = Debug|Any CPU
		{2F7DABF0-15F6-4D51-9931-B8029E894949}.Debug|x64.ActiveCfg = Debug|Any CPU
		{2F7DABF0-15F6-4D51-9931-B8029E894949}.Debug|x64.Build.0 = Debug|Any CPU
		{2F7DABF0-15F6-4D51-9931-B8029E894949}.Debug|x86.ActiveCfg = Debug|Any CPU
		{2F7DABF0-15F6-4D51-9931-B8029E894949}.Debug|x86.Build.0 = Debug|Any CPU
		{2F7DABF0-15F6-4D51-9931-B8029E894949}.Release|Any CPU.ActiveCfg = Release|Any CPU
		{2F7DABF0-15F6-4D51-9931-B8029E894949}.Release|Any CPU.Build.0 = Release|Any CPU
		{2F7DABF0-15F6-4D51-9931-B8029E894949}.Release|arm64.ActiveCfg = Release|Any CPU
		{2F7DABF0-15F6-4D51-9931-B8029E894949}.Release|arm64.Build.0 = Release|Any CPU
		{2F7DABF0-15F6-4D51-9931-B8029E894949}.Release|x64.ActiveCfg = Release|Any CPU
		{2F7DABF0-15F6-4D51-9931-B8029E894949}.Release|x64.Build.0 = Release|Any CPU
		{2F7DABF0-15F6-4D51-9931-B8029E894949}.Release|x86.ActiveCfg = Release|Any CPU
		{2F7DABF0-15F6-4D51-9931-B8029E894949}.Release|x86.Build.0 = Release|Any CPU
		{134FB5F9-FE94-4D70-A9BD-9F728E54FA9B}.Debug|Any CPU.ActiveCfg = Debug|Any CPU
		{134FB5F9-FE94-4D70-A9BD-9F728E54FA9B}.Debug|Any CPU.Build.0 = Debug|Any CPU
		{134FB5F9-FE94-4D70-A9BD-9F728E54FA9B}.Debug|arm64.ActiveCfg = Debug|Any CPU
		{134FB5F9-FE94-4D70-A9BD-9F728E54FA9B}.Debug|arm64.Build.0 = Debug|Any CPU
		{134FB5F9-FE94-4D70-A9BD-9F728E54FA9B}.Debug|x64.ActiveCfg = Debug|Any CPU
		{134FB5F9-FE94-4D70-A9BD-9F728E54FA9B}.Debug|x64.Build.0 = Debug|Any CPU
		{134FB5F9-FE94-4D70-A9BD-9F728E54FA9B}.Debug|x86.ActiveCfg = Debug|Any CPU
		{134FB5F9-FE94-4D70-A9BD-9F728E54FA9B}.Debug|x86.Build.0 = Debug|Any CPU
		{134FB5F9-FE94-4D70-A9BD-9F728E54FA9B}.Release|Any CPU.ActiveCfg = Release|Any CPU
		{134FB5F9-FE94-4D70-A9BD-9F728E54FA9B}.Release|Any CPU.Build.0 = Release|Any CPU
		{134FB5F9-FE94-4D70-A9BD-9F728E54FA9B}.Release|arm64.ActiveCfg = Release|Any CPU
		{134FB5F9-FE94-4D70-A9BD-9F728E54FA9B}.Release|arm64.Build.0 = Release|Any CPU
		{134FB5F9-FE94-4D70-A9BD-9F728E54FA9B}.Release|x64.ActiveCfg = Release|Any CPU
		{134FB5F9-FE94-4D70-A9BD-9F728E54FA9B}.Release|x64.Build.0 = Release|Any CPU
		{134FB5F9-FE94-4D70-A9BD-9F728E54FA9B}.Release|x86.ActiveCfg = Release|Any CPU
		{134FB5F9-FE94-4D70-A9BD-9F728E54FA9B}.Release|x86.Build.0 = Release|Any CPU
		{590115EA-749B-4CE3-86D9-2BE8AE70830E}.Debug|Any CPU.ActiveCfg = Debug|Any CPU
		{590115EA-749B-4CE3-86D9-2BE8AE70830E}.Debug|Any CPU.Build.0 = Debug|Any CPU
		{590115EA-749B-4CE3-86D9-2BE8AE70830E}.Debug|arm64.ActiveCfg = Debug|arm64
		{590115EA-749B-4CE3-86D9-2BE8AE70830E}.Debug|arm64.Build.0 = Debug|arm64
		{590115EA-749B-4CE3-86D9-2BE8AE70830E}.Debug|x64.ActiveCfg = Debug|Any CPU
		{590115EA-749B-4CE3-86D9-2BE8AE70830E}.Debug|x64.Build.0 = Debug|Any CPU
		{590115EA-749B-4CE3-86D9-2BE8AE70830E}.Debug|x86.ActiveCfg = Debug|x86
		{590115EA-749B-4CE3-86D9-2BE8AE70830E}.Debug|x86.Build.0 = Debug|x86
		{590115EA-749B-4CE3-86D9-2BE8AE70830E}.Release|Any CPU.ActiveCfg = Release|Any CPU
		{590115EA-749B-4CE3-86D9-2BE8AE70830E}.Release|Any CPU.Build.0 = Release|Any CPU
		{590115EA-749B-4CE3-86D9-2BE8AE70830E}.Release|arm64.ActiveCfg = Release|arm64
		{590115EA-749B-4CE3-86D9-2BE8AE70830E}.Release|arm64.Build.0 = Release|arm64
		{590115EA-749B-4CE3-86D9-2BE8AE70830E}.Release|x64.ActiveCfg = Release|Any CPU
		{590115EA-749B-4CE3-86D9-2BE8AE70830E}.Release|x64.Build.0 = Release|Any CPU
		{590115EA-749B-4CE3-86D9-2BE8AE70830E}.Release|x86.ActiveCfg = Release|x86
		{590115EA-749B-4CE3-86D9-2BE8AE70830E}.Release|x86.Build.0 = Release|x86
		{5806A921-B65A-440E-9645-05A41076418F}.Debug|Any CPU.ActiveCfg = Debug|Any CPU
		{5806A921-B65A-440E-9645-05A41076418F}.Debug|Any CPU.Build.0 = Debug|Any CPU
		{5806A921-B65A-440E-9645-05A41076418F}.Debug|arm64.ActiveCfg = Debug|Any CPU
		{5806A921-B65A-440E-9645-05A41076418F}.Debug|arm64.Build.0 = Debug|Any CPU
		{5806A921-B65A-440E-9645-05A41076418F}.Debug|x64.ActiveCfg = Debug|Any CPU
		{5806A921-B65A-440E-9645-05A41076418F}.Debug|x64.Build.0 = Debug|Any CPU
		{5806A921-B65A-440E-9645-05A41076418F}.Debug|x86.ActiveCfg = Debug|Any CPU
		{5806A921-B65A-440E-9645-05A41076418F}.Debug|x86.Build.0 = Debug|Any CPU
		{5806A921-B65A-440E-9645-05A41076418F}.Release|Any CPU.ActiveCfg = Release|Any CPU
		{5806A921-B65A-440E-9645-05A41076418F}.Release|Any CPU.Build.0 = Release|Any CPU
		{5806A921-B65A-440E-9645-05A41076418F}.Release|arm64.ActiveCfg = Release|Any CPU
		{5806A921-B65A-440E-9645-05A41076418F}.Release|arm64.Build.0 = Release|Any CPU
		{5806A921-B65A-440E-9645-05A41076418F}.Release|x64.ActiveCfg = Release|Any CPU
		{5806A921-B65A-440E-9645-05A41076418F}.Release|x64.Build.0 = Release|Any CPU
		{5806A921-B65A-440E-9645-05A41076418F}.Release|x86.ActiveCfg = Release|Any CPU
		{5806A921-B65A-440E-9645-05A41076418F}.Release|x86.Build.0 = Release|Any CPU
		{A684B568-B488-440E-85CB-006AC3C80BDC}.Debug|Any CPU.ActiveCfg = Debug|Any CPU
		{A684B568-B488-440E-85CB-006AC3C80BDC}.Debug|Any CPU.Build.0 = Debug|Any CPU
		{A684B568-B488-440E-85CB-006AC3C80BDC}.Debug|arm64.ActiveCfg = Debug|Any CPU
		{A684B568-B488-440E-85CB-006AC3C80BDC}.Debug|arm64.Build.0 = Debug|Any CPU
		{A684B568-B488-440E-85CB-006AC3C80BDC}.Debug|x64.ActiveCfg = Debug|Any CPU
		{A684B568-B488-440E-85CB-006AC3C80BDC}.Debug|x64.Build.0 = Debug|Any CPU
		{A684B568-B488-440E-85CB-006AC3C80BDC}.Debug|x86.ActiveCfg = Debug|Any CPU
		{A684B568-B488-440E-85CB-006AC3C80BDC}.Debug|x86.Build.0 = Debug|Any CPU
		{A684B568-B488-440E-85CB-006AC3C80BDC}.Release|Any CPU.ActiveCfg = Release|Any CPU
		{A684B568-B488-440E-85CB-006AC3C80BDC}.Release|Any CPU.Build.0 = Release|Any CPU
		{A684B568-B488-440E-85CB-006AC3C80BDC}.Release|arm64.ActiveCfg = Release|Any CPU
		{A684B568-B488-440E-85CB-006AC3C80BDC}.Release|arm64.Build.0 = Release|Any CPU
		{A684B568-B488-440E-85CB-006AC3C80BDC}.Release|x64.ActiveCfg = Release|Any CPU
		{A684B568-B488-440E-85CB-006AC3C80BDC}.Release|x64.Build.0 = Release|Any CPU
		{A684B568-B488-440E-85CB-006AC3C80BDC}.Release|x86.ActiveCfg = Release|Any CPU
		{A684B568-B488-440E-85CB-006AC3C80BDC}.Release|x86.Build.0 = Release|Any CPU
		{1A8E218B-5A05-4E96-A5E8-F6565DAF0377}.Debug|Any CPU.ActiveCfg = Debug|Any CPU
		{1A8E218B-5A05-4E96-A5E8-F6565DAF0377}.Debug|Any CPU.Build.0 = Debug|Any CPU
		{1A8E218B-5A05-4E96-A5E8-F6565DAF0377}.Debug|arm64.ActiveCfg = Debug|Any CPU
		{1A8E218B-5A05-4E96-A5E8-F6565DAF0377}.Debug|arm64.Build.0 = Debug|Any CPU
		{1A8E218B-5A05-4E96-A5E8-F6565DAF0377}.Debug|x64.ActiveCfg = Debug|Any CPU
		{1A8E218B-5A05-4E96-A5E8-F6565DAF0377}.Debug|x64.Build.0 = Debug|Any CPU
		{1A8E218B-5A05-4E96-A5E8-F6565DAF0377}.Debug|x86.ActiveCfg = Debug|Any CPU
		{1A8E218B-5A05-4E96-A5E8-F6565DAF0377}.Debug|x86.Build.0 = Debug|Any CPU
		{1A8E218B-5A05-4E96-A5E8-F6565DAF0377}.Release|Any CPU.ActiveCfg = Release|Any CPU
		{1A8E218B-5A05-4E96-A5E8-F6565DAF0377}.Release|Any CPU.Build.0 = Release|Any CPU
		{1A8E218B-5A05-4E96-A5E8-F6565DAF0377}.Release|arm64.ActiveCfg = Release|Any CPU
		{1A8E218B-5A05-4E96-A5E8-F6565DAF0377}.Release|arm64.Build.0 = Release|Any CPU
		{1A8E218B-5A05-4E96-A5E8-F6565DAF0377}.Release|x64.ActiveCfg = Release|Any CPU
		{1A8E218B-5A05-4E96-A5E8-F6565DAF0377}.Release|x64.Build.0 = Release|Any CPU
		{1A8E218B-5A05-4E96-A5E8-F6565DAF0377}.Release|x86.ActiveCfg = Release|Any CPU
		{1A8E218B-5A05-4E96-A5E8-F6565DAF0377}.Release|x86.Build.0 = Release|Any CPU
		{ED9ED6D9-91F4-4661-A915-F31311A1E5F7}.Debug|Any CPU.ActiveCfg = Debug|Any CPU
		{ED9ED6D9-91F4-4661-A915-F31311A1E5F7}.Debug|Any CPU.Build.0 = Debug|Any CPU
		{ED9ED6D9-91F4-4661-A915-F31311A1E5F7}.Debug|arm64.ActiveCfg = Debug|Any CPU
		{ED9ED6D9-91F4-4661-A915-F31311A1E5F7}.Debug|arm64.Build.0 = Debug|Any CPU
		{ED9ED6D9-91F4-4661-A915-F31311A1E5F7}.Debug|x64.ActiveCfg = Debug|Any CPU
		{ED9ED6D9-91F4-4661-A915-F31311A1E5F7}.Debug|x64.Build.0 = Debug|Any CPU
		{ED9ED6D9-91F4-4661-A915-F31311A1E5F7}.Debug|x86.ActiveCfg = Debug|Any CPU
		{ED9ED6D9-91F4-4661-A915-F31311A1E5F7}.Debug|x86.Build.0 = Debug|Any CPU
		{ED9ED6D9-91F4-4661-A915-F31311A1E5F7}.Release|Any CPU.ActiveCfg = Release|Any CPU
		{ED9ED6D9-91F4-4661-A915-F31311A1E5F7}.Release|Any CPU.Build.0 = Release|Any CPU
		{ED9ED6D9-91F4-4661-A915-F31311A1E5F7}.Release|arm64.ActiveCfg = Release|Any CPU
		{ED9ED6D9-91F4-4661-A915-F31311A1E5F7}.Release|arm64.Build.0 = Release|Any CPU
		{ED9ED6D9-91F4-4661-A915-F31311A1E5F7}.Release|x64.ActiveCfg = Release|Any CPU
		{ED9ED6D9-91F4-4661-A915-F31311A1E5F7}.Release|x64.Build.0 = Release|Any CPU
		{ED9ED6D9-91F4-4661-A915-F31311A1E5F7}.Release|x86.ActiveCfg = Release|Any CPU
		{ED9ED6D9-91F4-4661-A915-F31311A1E5F7}.Release|x86.Build.0 = Release|Any CPU
		{4237EF38-AD6E-4C97-A397-7E7B3AF52E67}.Debug|Any CPU.ActiveCfg = Debug|Any CPU
		{4237EF38-AD6E-4C97-A397-7E7B3AF52E67}.Debug|Any CPU.Build.0 = Debug|Any CPU
		{4237EF38-AD6E-4C97-A397-7E7B3AF52E67}.Debug|arm64.ActiveCfg = Debug|Any CPU
		{4237EF38-AD6E-4C97-A397-7E7B3AF52E67}.Debug|arm64.Build.0 = Debug|Any CPU
		{4237EF38-AD6E-4C97-A397-7E7B3AF52E67}.Debug|x64.ActiveCfg = Debug|Any CPU
		{4237EF38-AD6E-4C97-A397-7E7B3AF52E67}.Debug|x64.Build.0 = Debug|Any CPU
		{4237EF38-AD6E-4C97-A397-7E7B3AF52E67}.Debug|x86.ActiveCfg = Debug|Any CPU
		{4237EF38-AD6E-4C97-A397-7E7B3AF52E67}.Debug|x86.Build.0 = Debug|Any CPU
		{4237EF38-AD6E-4C97-A397-7E7B3AF52E67}.Release|Any CPU.ActiveCfg = Release|Any CPU
		{4237EF38-AD6E-4C97-A397-7E7B3AF52E67}.Release|Any CPU.Build.0 = Release|Any CPU
		{4237EF38-AD6E-4C97-A397-7E7B3AF52E67}.Release|arm64.ActiveCfg = Release|Any CPU
		{4237EF38-AD6E-4C97-A397-7E7B3AF52E67}.Release|arm64.Build.0 = Release|Any CPU
		{4237EF38-AD6E-4C97-A397-7E7B3AF52E67}.Release|x64.ActiveCfg = Release|Any CPU
		{4237EF38-AD6E-4C97-A397-7E7B3AF52E67}.Release|x64.Build.0 = Release|Any CPU
		{4237EF38-AD6E-4C97-A397-7E7B3AF52E67}.Release|x86.ActiveCfg = Release|Any CPU
		{4237EF38-AD6E-4C97-A397-7E7B3AF52E67}.Release|x86.Build.0 = Release|Any CPU
		{5A18825B-8B85-4566-8CA9-C0DB8E0346DD}.Debug|Any CPU.ActiveCfg = Debug|Any CPU
		{5A18825B-8B85-4566-8CA9-C0DB8E0346DD}.Debug|Any CPU.Build.0 = Debug|Any CPU
		{5A18825B-8B85-4566-8CA9-C0DB8E0346DD}.Debug|arm64.ActiveCfg = Debug|Any CPU
		{5A18825B-8B85-4566-8CA9-C0DB8E0346DD}.Debug|arm64.Build.0 = Debug|Any CPU
		{5A18825B-8B85-4566-8CA9-C0DB8E0346DD}.Debug|x64.ActiveCfg = Debug|Any CPU
		{5A18825B-8B85-4566-8CA9-C0DB8E0346DD}.Debug|x64.Build.0 = Debug|Any CPU
		{5A18825B-8B85-4566-8CA9-C0DB8E0346DD}.Debug|x86.ActiveCfg = Debug|Any CPU
		{5A18825B-8B85-4566-8CA9-C0DB8E0346DD}.Debug|x86.Build.0 = Debug|Any CPU
		{5A18825B-8B85-4566-8CA9-C0DB8E0346DD}.Release|Any CPU.ActiveCfg = Release|Any CPU
		{5A18825B-8B85-4566-8CA9-C0DB8E0346DD}.Release|Any CPU.Build.0 = Release|Any CPU
		{5A18825B-8B85-4566-8CA9-C0DB8E0346DD}.Release|arm64.ActiveCfg = Release|Any CPU
		{5A18825B-8B85-4566-8CA9-C0DB8E0346DD}.Release|arm64.Build.0 = Release|Any CPU
		{5A18825B-8B85-4566-8CA9-C0DB8E0346DD}.Release|x64.ActiveCfg = Release|Any CPU
		{5A18825B-8B85-4566-8CA9-C0DB8E0346DD}.Release|x64.Build.0 = Release|Any CPU
		{5A18825B-8B85-4566-8CA9-C0DB8E0346DD}.Release|x86.ActiveCfg = Release|Any CPU
		{5A18825B-8B85-4566-8CA9-C0DB8E0346DD}.Release|x86.Build.0 = Release|Any CPU
		{EA33FC22-8195-4DF3-B655-6857227B3EB9}.Debug|Any CPU.ActiveCfg = Debug|Any CPU
		{EA33FC22-8195-4DF3-B655-6857227B3EB9}.Debug|Any CPU.Build.0 = Debug|Any CPU
		{EA33FC22-8195-4DF3-B655-6857227B3EB9}.Debug|arm64.ActiveCfg = Debug|Any CPU
		{EA33FC22-8195-4DF3-B655-6857227B3EB9}.Debug|arm64.Build.0 = Debug|Any CPU
		{EA33FC22-8195-4DF3-B655-6857227B3EB9}.Debug|x64.ActiveCfg = Debug|Any CPU
		{EA33FC22-8195-4DF3-B655-6857227B3EB9}.Debug|x64.Build.0 = Debug|Any CPU
		{EA33FC22-8195-4DF3-B655-6857227B3EB9}.Debug|x86.ActiveCfg = Debug|Any CPU
		{EA33FC22-8195-4DF3-B655-6857227B3EB9}.Debug|x86.Build.0 = Debug|Any CPU
		{EA33FC22-8195-4DF3-B655-6857227B3EB9}.Release|Any CPU.ActiveCfg = Release|Any CPU
		{EA33FC22-8195-4DF3-B655-6857227B3EB9}.Release|Any CPU.Build.0 = Release|Any CPU
		{EA33FC22-8195-4DF3-B655-6857227B3EB9}.Release|arm64.ActiveCfg = Release|Any CPU
		{EA33FC22-8195-4DF3-B655-6857227B3EB9}.Release|arm64.Build.0 = Release|Any CPU
		{EA33FC22-8195-4DF3-B655-6857227B3EB9}.Release|x64.ActiveCfg = Release|Any CPU
		{EA33FC22-8195-4DF3-B655-6857227B3EB9}.Release|x64.Build.0 = Release|Any CPU
		{EA33FC22-8195-4DF3-B655-6857227B3EB9}.Release|x86.ActiveCfg = Release|Any CPU
		{EA33FC22-8195-4DF3-B655-6857227B3EB9}.Release|x86.Build.0 = Release|Any CPU
		{5E278926-C3A2-4E17-B657-D11881C86101}.Debug|Any CPU.ActiveCfg = Debug|Any CPU
		{5E278926-C3A2-4E17-B657-D11881C86101}.Debug|Any CPU.Build.0 = Debug|Any CPU
		{5E278926-C3A2-4E17-B657-D11881C86101}.Debug|arm64.ActiveCfg = Debug|Any CPU
		{5E278926-C3A2-4E17-B657-D11881C86101}.Debug|arm64.Build.0 = Debug|Any CPU
		{5E278926-C3A2-4E17-B657-D11881C86101}.Debug|x64.ActiveCfg = Debug|Any CPU
		{5E278926-C3A2-4E17-B657-D11881C86101}.Debug|x64.Build.0 = Debug|Any CPU
		{5E278926-C3A2-4E17-B657-D11881C86101}.Debug|x86.ActiveCfg = Debug|Any CPU
		{5E278926-C3A2-4E17-B657-D11881C86101}.Debug|x86.Build.0 = Debug|Any CPU
		{5E278926-C3A2-4E17-B657-D11881C86101}.Release|Any CPU.ActiveCfg = Release|Any CPU
		{5E278926-C3A2-4E17-B657-D11881C86101}.Release|Any CPU.Build.0 = Release|Any CPU
		{5E278926-C3A2-4E17-B657-D11881C86101}.Release|arm64.ActiveCfg = Release|Any CPU
		{5E278926-C3A2-4E17-B657-D11881C86101}.Release|arm64.Build.0 = Release|Any CPU
		{5E278926-C3A2-4E17-B657-D11881C86101}.Release|x64.ActiveCfg = Release|Any CPU
		{5E278926-C3A2-4E17-B657-D11881C86101}.Release|x64.Build.0 = Release|Any CPU
		{5E278926-C3A2-4E17-B657-D11881C86101}.Release|x86.ActiveCfg = Release|Any CPU
		{5E278926-C3A2-4E17-B657-D11881C86101}.Release|x86.Build.0 = Release|Any CPU
		{6D226303-7E91-153C-2C26-A2F5E74B9329}.Debug|Any CPU.ActiveCfg = Debug|Any CPU
		{6D226303-7E91-153C-2C26-A2F5E74B9329}.Debug|Any CPU.Build.0 = Debug|Any CPU
		{6D226303-7E91-153C-2C26-A2F5E74B9329}.Debug|arm64.ActiveCfg = Debug|Any CPU
		{6D226303-7E91-153C-2C26-A2F5E74B9329}.Debug|arm64.Build.0 = Debug|Any CPU
		{6D226303-7E91-153C-2C26-A2F5E74B9329}.Debug|x64.ActiveCfg = Debug|Any CPU
		{6D226303-7E91-153C-2C26-A2F5E74B9329}.Debug|x64.Build.0 = Debug|Any CPU
		{6D226303-7E91-153C-2C26-A2F5E74B9329}.Debug|x86.ActiveCfg = Debug|Any CPU
		{6D226303-7E91-153C-2C26-A2F5E74B9329}.Debug|x86.Build.0 = Debug|Any CPU
		{6D226303-7E91-153C-2C26-A2F5E74B9329}.Release|Any CPU.ActiveCfg = Release|Any CPU
		{6D226303-7E91-153C-2C26-A2F5E74B9329}.Release|Any CPU.Build.0 = Release|Any CPU
		{6D226303-7E91-153C-2C26-A2F5E74B9329}.Release|arm64.ActiveCfg = Release|Any CPU
		{6D226303-7E91-153C-2C26-A2F5E74B9329}.Release|arm64.Build.0 = Release|Any CPU
		{6D226303-7E91-153C-2C26-A2F5E74B9329}.Release|x64.ActiveCfg = Release|Any CPU
		{6D226303-7E91-153C-2C26-A2F5E74B9329}.Release|x64.Build.0 = Release|Any CPU
		{6D226303-7E91-153C-2C26-A2F5E74B9329}.Release|x86.ActiveCfg = Release|Any CPU
		{6D226303-7E91-153C-2C26-A2F5E74B9329}.Release|x86.Build.0 = Release|Any CPU
		{821AD47E-CAB1-4BB2-BF44-D1EBF88AEB8D}.Debug|Any CPU.ActiveCfg = Debug|Any CPU
		{821AD47E-CAB1-4BB2-BF44-D1EBF88AEB8D}.Debug|Any CPU.Build.0 = Debug|Any CPU
		{821AD47E-CAB1-4BB2-BF44-D1EBF88AEB8D}.Debug|arm64.ActiveCfg = Debug|Any CPU
		{821AD47E-CAB1-4BB2-BF44-D1EBF88AEB8D}.Debug|arm64.Build.0 = Debug|Any CPU
		{821AD47E-CAB1-4BB2-BF44-D1EBF88AEB8D}.Debug|x64.ActiveCfg = Debug|Any CPU
		{821AD47E-CAB1-4BB2-BF44-D1EBF88AEB8D}.Debug|x64.Build.0 = Debug|Any CPU
		{821AD47E-CAB1-4BB2-BF44-D1EBF88AEB8D}.Debug|x86.ActiveCfg = Debug|Any CPU
		{821AD47E-CAB1-4BB2-BF44-D1EBF88AEB8D}.Debug|x86.Build.0 = Debug|Any CPU
		{821AD47E-CAB1-4BB2-BF44-D1EBF88AEB8D}.Release|Any CPU.ActiveCfg = Release|Any CPU
		{821AD47E-CAB1-4BB2-BF44-D1EBF88AEB8D}.Release|Any CPU.Build.0 = Release|Any CPU
		{821AD47E-CAB1-4BB2-BF44-D1EBF88AEB8D}.Release|arm64.ActiveCfg = Release|Any CPU
		{821AD47E-CAB1-4BB2-BF44-D1EBF88AEB8D}.Release|arm64.Build.0 = Release|Any CPU
		{821AD47E-CAB1-4BB2-BF44-D1EBF88AEB8D}.Release|x64.ActiveCfg = Release|Any CPU
		{821AD47E-CAB1-4BB2-BF44-D1EBF88AEB8D}.Release|x64.Build.0 = Release|Any CPU
		{821AD47E-CAB1-4BB2-BF44-D1EBF88AEB8D}.Release|x86.ActiveCfg = Release|Any CPU
		{821AD47E-CAB1-4BB2-BF44-D1EBF88AEB8D}.Release|x86.Build.0 = Release|Any CPU
	EndGlobalSection
	GlobalSection(SolutionProperties) = preSolution
		HideSolutionNode = FALSE
	EndGlobalSection
	GlobalSection(ExtensibilityGlobals) = postSolution
		SolutionGuid = {4C3E9A2A-C3E7-4204-898B-F5F1C8490BA4}
	EndGlobalSection
EndGlobal
